
Microsoft Visual Studio Solution File, Format Version 12.00
# Visual Studio Version 16
VisualStudioVersion = 25.0.1704.5
MinimumVisualStudioVersion = 10.0.40219.1
Project("{FAE04EC0-301F-11D3-BF4B-00C04F79EFBC}") = "demoflyout.Android", "demoflyout\demoflyout.Android\demoflyout.Android.csproj", "{FD64495F-0155-4606-A613-688F440E8C6C}"
EndProject
Project("{FAE04EC0-301F-11D3-BF4B-00C04F79EFBC}") = "demoflyout.iOS", "demoflyout\demoflyout.iOS\demoflyout.iOS.csproj", "{19B35527-F63F-4665-B751-F3A3EA13EFF4}"
EndProject
Project("{FAE04EC0-301F-11D3-BF4B-00C04F79EFBC}") = "demoflyout", "demoflyout\demoflyout\demoflyout.csproj", "{8D879443-F436-40FE-B04B-E648545B09D9}"
EndProject
Global
	GlobalSection(SolutionConfigurationPlatforms) = preSolution
		Debug|Any CPU = Debug|Any CPU
		Release|Any CPU = Release|Any CPU
		Debug|iPhoneSimulator = Debug|iPhoneSimulator
		Release|iPhoneSimulator = Release|iPhoneSimulator
		Debug|iPhone = Debug|iPhone
		Release|iPhone = Release|iPhone
	EndGlobalSection
	GlobalSection(ProjectConfigurationPlatforms) = postSolution
		{FD64495F-0155-4606-A613-688F440E8C6C}.Debug|Any CPU.ActiveCfg = Debug|Any CPU
		{FD64495F-0155-4606-A613-688F440E8C6C}.Debug|Any CPU.Build.0 = Debug|Any CPU
		{FD64495F-0155-4606-A613-688F440E8C6C}.Release|Any CPU.ActiveCfg = Release|Any CPU
		{FD64495F-0155-4606-A613-688F440E8C6C}.Release|Any CPU.Build.0 = Release|Any CPU
		{FD64495F-0155-4606-A613-688F440E8C6C}.Debug|iPhoneSimulator.ActiveCfg = Debug|Any CPU
		{FD64495F-0155-4606-A613-688F440E8C6C}.Debug|iPhoneSimulator.Build.0 = Debug|Any CPU
		{FD64495F-0155-4606-A613-688F440E8C6C}.Release|iPhoneSimulator.ActiveCfg = Release|Any CPU
		{FD64495F-0155-4606-A613-688F440E8C6C}.Release|iPhoneSimulator.Build.0 = Release|Any CPU
		{FD64495F-0155-4606-A613-688F440E8C6C}.Debug|iPhone.ActiveCfg = Debug|Any CPU
		{FD64495F-0155-4606-A613-688F440E8C6C}.Debug|iPhone.Build.0 = Debug|Any CPU
		{FD64495F-0155-4606-A613-688F440E8C6C}.Release|iPhone.ActiveCfg = Release|Any CPU
		{FD64495F-0155-4606-A613-688F440E8C6C}.Release|iPhone.Build.0 = Release|Any CPU
		{19B35527-F63F-4665-B751-F3A3EA13EFF4}.Debug|Any CPU.ActiveCfg = Debug|iPhoneSimulator
		{19B35527-F63F-4665-B751-F3A3EA13EFF4}.Debug|Any CPU.Build.0 = Debug|iPhoneSimulator
		{19B35527-F63F-4665-B751-F3A3EA13EFF4}.Release|Any CPU.ActiveCfg = Release|iPhoneSimulator
		{19B35527-F63F-4665-B751-F3A3EA13EFF4}.Release|Any CPU.Build.0 = Release|iPhoneSimulator
		{19B35527-F63F-4665-B751-F3A3EA13EFF4}.Debug|iPhoneSimulator.ActiveCfg = Debug|iPhoneSimulator
		{19B35527-F63F-4665-B751-F3A3EA13EFF4}.Debug|iPhoneSimulator.Build.0 = Debug|iPhoneSimulator
		{19B35527-F63F-4665-B751-F3A3EA13EFF4}.Release|iPhoneSimulator.ActiveCfg = Release|iPhoneSimulator
		{19B35527-F63F-4665-B751-F3A3EA13EFF4}.Release|iPhoneSimulator.Build.0 = Release|iPhoneSimulator
		{19B35527-F63F-4665-B751-F3A3EA13EFF4}.Debug|iPhone.ActiveCfg = Debug|iPhone
		{19B35527-F63F-4665-B751-F3A3EA13EFF4}.Debug|iPhone.Build.0 = Debug|iPhone
		{19B35527-F63F-4665-B751-F3A3EA13EFF4}.Release|iPhone.ActiveCfg = Release|iPhone
		{19B35527-F63F-4665-B751-F3A3EA13EFF4}.Release|iPhone.Build.0 = Release|iPhone
		{8D879443-F436-40FE-B04B-E648545B09D9}.Debug|Any CPU.ActiveCfg = Debug|Any CPU
		{8D879443-F436-40FE-B04B-E648545B09D9}.Debug|Any CPU.Build.0 = Debug|Any CPU
		{8D879443-F436-40FE-B04B-E648545B09D9}.Release|Any CPU.ActiveCfg = Release|Any CPU
		{8D879443-F436-40FE-B04B-E648545B09D9}.Release|Any CPU.Build.0 = Release|Any CPU
		{8D879443-F436-40FE-B04B-E648545B09D9}.Debug|iPhoneSimulator.ActiveCfg = Debug|Any CPU
		{8D879443-F436-40FE-B04B-E648545B09D9}.Debug|iPhoneSimulator.Build.0 = Debug|Any CPU
		{8D879443-F436-40FE-B04B-E648545B09D9}.Release|iPhoneSimulator.ActiveCfg = Release|Any CPU
		{8D879443-F436-40FE-B04B-E648545B09D9}.Release|iPhoneSimulator.Build.0 = Release|Any CPU
		{8D879443-F436-40FE-B04B-E648545B09D9}.Debug|iPhone.ActiveCfg = Debug|Any CPU
		{8D879443-F436-40FE-B04B-E648545B09D9}.Debug|iPhone.Build.0 = Debug|Any CPU
		{8D879443-F436-40FE-B04B-E648545B09D9}.Release|iPhone.ActiveCfg = Release|Any CPU
		{8D879443-F436-40FE-B04B-E648545B09D9}.Release|iPhone.Build.0 = Release|Any CPU
	EndGlobalSection
	GlobalSection(SolutionProperties) = preSolution
		HideSolutionNode = FALSE
	EndGlobalSection
	GlobalSection(ExtensibilityGlobals) = postSolution
		SolutionGuid = {DD43F160-0B4E-49FB-86DC-443A7DF4FDE9}
	EndGlobalSection
EndGlobal
